{
    "version": 3,
    "terraform_version": "0.11.10",
    "serial": 4,
    "lineage": "56f87707-5217-420e-6f7b-ab8bd23c3701",
    "modules": [
        {
            "path": [
                "root"
            ],
            "outputs": {},
            "resources": {
                "aws_instance.example": {
                    "type": "aws_instance",
                    "depends_on": [
                        "aws_key_pair.mykey"
                    ],
                    "primary": {
                        "id": "i-0dd86fe24ccdd0e27",
                        "attributes": {
                            "ami": "ami-09f0b8b3e41191524",
                            "arn": "arn:aws:ec2:eu-west-1:127978173339:instance/i-0dd86fe24ccdd0e27",
                            "associate_public_ip_address": "true",
                            "availability_zone": "eu-west-1b",
                            "cpu_core_count": "1",
                            "cpu_threads_per_core": "1",
                            "credit_specification.#": "1",
                            "credit_specification.0.cpu_credits": "standard",
                            "disable_api_termination": "false",
                            "ebs_block_device.#": "0",
                            "ebs_optimized": "false",
                            "ephemeral_block_device.#": "0",
                            "get_password_data": "false",
                            "iam_instance_profile": "",
                            "id": "i-0dd86fe24ccdd0e27",
                            "instance_state": "running",
                            "instance_type": "t2.micro",
                            "ipv6_addresses.#": "0",
                            "key_name": "mykey",
                            "monitoring": "false",
                            "network_interface.#": "0",
                            "network_interface_id": "eni-0f28877381abf4caf",
                            "password_data": "",
                            "placement_group": "",
                            "primary_network_interface_id": "eni-0f28877381abf4caf",
                            "private_dns": "ip-172-31-0-10.eu-west-1.compute.internal",
                            "private_ip": "172.31.0.10",
                            "public_dns": "ec2-34-253-204-160.eu-west-1.compute.amazonaws.com",
                            "public_ip": "34.253.204.160",
                            "root_block_device.#": "1",
                            "root_block_device.0.delete_on_termination": "true",
                            "root_block_device.0.iops": "100",
                            "root_block_device.0.volume_id": "vol-0513cb393a98e555f",
                            "root_block_device.0.volume_size": "8",
                            "root_block_device.0.volume_type": "gp2",
                            "security_groups.#": "1",
                            "security_groups.3814588639": "default",
                            "source_dest_check": "true",
                            "subnet_id": "subnet-abdb47cc",
                            "tags.%": "0",
                            "tenancy": "default",
                            "volume_tags.%": "0",
                            "vpc_security_group_ids.#": "1",
                            "vpc_security_group_ids.2477023019": "sg-6f602417"
                        },
                        "meta": {
                            "e2bfb730-ecaa-11e6-8f88-34363bc7c4c0": {
                                "create": 600000000000,
                                "delete": 1200000000000,
                                "update": 600000000000
                            },
                            "schema_version": "1"
                        },
                        "tainted": false
                    },
                    "deposed": [],
                    "provider": "provider.aws"
                },
                "aws_key_pair.mykey": {
                    "type": "aws_key_pair",
                    "depends_on": [],
                    "primary": {
                        "id": "mykey",
                        "attributes": {
                            "fingerprint": "74:23:f1:21:3f:67:37:ad:b4:c1:d0:ae:5c:ea:50:17",
                            "id": "mykey",
                            "key_name": "mykey",
                            "public_key": "ssh-rsa AAAAB3NzaC1yc2EAAAADAQABAAABAQC/Y07zx8GpuA99zGCoZDTH3avlQPRgS7t0k8ZIvemPjky0NFXl3Qov2OfIqgL3J8MRVlpoJA6VOA0ITLenV3N0T0lr+V1J1TAIN/tb/y4MbBs9FwnAkO7gyytVjpX9wSZ1vhqQPrpCf+lYcvFBL/3lNQI6OguhR+mhjsr6Ct4JhPR8ox9VWa2oTHGseuwQsIrhCezcs7t93MdNdUG15HFy1XVKjd/O8k3GNx8Aukx5RoThyRTfPXxniLPcLZf75wYYyiLACHZYuw/piMjKZ+TMvfp84oq+k8oGnf2qVmN5AA1KHreP3JaGbOHX25K5NTxzhWAwwKcGYBYF9/PlbsGB josel82@MBP-13"
                        },
                        "meta": {
                            "schema_version": "1"
                        },
                        "tainted": false
                    },
                    "deposed": [],
                    "provider": "provider.aws"
                }
            },
            "depends_on": []
        }
    ]
}
